{
  "version": 4,
  "terraform_version": "0.15.0",
  "serial": 24,
  "lineage": "35dc0bab-bf92-9ba4-9b8e-50e85194f4f6",
  "outputs": {},
  "resources": [
    {
      "mode": "managed",
      "type": "local_file",
      "name": "games",
      "provider": "provider[\"registry.terraform.io/hashicorp/local\"]",
      "instances": [
        {
          "schema_version": 0,
          "attributes": {
            "content": null,
            "content_base64": null,
            "directory_permission": "0777",
            "file_permission": "0755",
            "filename": "/home/rhyme/pet1.txt",
            "id": "3d1ed71a841a6f80d3aa44c3e61ec9fbff898f5b",
            "sensitive_content": "CATs",
            "source": null
          },
          "sensitive_attributes": [],
          "private": "bnVsbA=="
        }
      ]
    }
  ]
}
